PODS:
  - Alamofire (4.4.0)
  - CryptoSwift (0.6.7)
  - ReachabilitySwift (3)
  - TVOSOAuth (0.1.0):
    - Alamofire (~> 4.0)
    - CryptoSwift

DEPENDENCIES:
  - ReachabilitySwift (~> 3)
  - TVOSOAuth (from `~/Documents/Libraries/TVOSOAuth`)

EXTERNAL SOURCES:
  TVOSOAuth:
    :path: "~/Documents/Libraries/TVOSOAuth"

SPEC CHECKSUMS:
  Alamofire: dc44b1600b800eb63da6a19039a0083d62a6a62d
  CryptoSwift: 685ae257941e5447474348a2b545583e1a16b573
  ReachabilitySwift: f5b9bb30a0777fac8f09ce8b067e32faeb29bb64
  TVOSOAuth: bdaf1a3178c7234937151320537996fb28ff3cf3

PODFILE CHECKSUM: d414e97ff673032d260369607a0285d8b6945da3

COCOAPODS: 1.2.0
